
Microsoft Visual Studio Solution File, Format Version 12.00
# Visual Studio 15
VisualStudioVersion = 15.0.27428.2027
MinimumVisualStudioVersion = 10.0.40219.1
Project("{FAE04EC0-301F-11D3-BF4B-00C04F79EFBC}") = "HR App", "WebApplication3\HR App.csproj", "{A90E748E-E562-4827-A23A-70F70FDF0AC8}"
EndProject
Global
	GlobalSection(SolutionConfigurationPlatforms) = preSolution
		Debug|Any CPU = Debug|Any CPU
		Release|Any CPU = Release|Any CPU
	EndGlobalSection
	GlobalSection(ProjectConfigurationPlatforms) = postSolution
		{A90E748E-E562-4827-A23A-70F70FDF0AC8}.Debug|Any CPU.ActiveCfg = Debug|Any CPU
		{A90E748E-E562-4827-A23A-70F70FDF0AC8}.Debug|Any CPU.Build.0 = Debug|Any CPU
		{A90E748E-E562-4827-A23A-70F70FDF0AC8}.Release|Any CPU.ActiveCfg = Release|Any CPU
		{A90E748E-E562-4827-A23A-70F70FDF0AC8}.Release|Any CPU.Build.0 = Release|Any CPU
	EndGlobalSection
	GlobalSection(SolutionProperties) = preSolution
		HideSolutionNode = FALSE
	EndGlobalSection
	GlobalSection(ExtensibilityGlobals) = postSolution
		SolutionGuid = {40AC0DDB-4C92-4498-B53A-57D110E5100F}
	EndGlobalSection
EndGlobal
